
Microsoft Visual Studio Solution File, Format Version 12.00
Project("{FAE04EC0-301F-11D3-BF4B-00C04F79EFBC}") = "Collections", "Collections\Collections.csproj", "{C0AD95BD-125C-44DD-87C3-F070D5A71F8B}"
EndProject
Global
	GlobalSection(SolutionConfigurationPlatforms) = preSolution
		Debug|Any CPU = Debug|Any CPU
		Release|Any CPU = Release|Any CPU
	EndGlobalSection
	GlobalSection(ProjectConfigurationPlatforms) = postSolution
		{C0AD95BD-125C-44DD-87C3-F070D5A71F8B}.Debug|Any CPU.ActiveCfg = Debug|Any CPU
		{C0AD95BD-125C-44DD-87C3-F070D5A71F8B}.Debug|Any CPU.Build.0 = Debug|Any CPU
		{C0AD95BD-125C-44DD-87C3-F070D5A71F8B}.Release|Any CPU.ActiveCfg = Release|Any CPU
		{C0AD95BD-125C-44DD-87C3-F070D5A71F8B}.Release|Any CPU.Build.0 = Release|Any CPU
	EndGlobalSection
EndGlobal
