
Microsoft Visual Studio Solution File, Format Version 12.00
Project("{FAE04EC0-301F-11D3-BF4B-00C04F79EFBC}") = "NUnitProject", "NUnitProject\NUnitProject.csproj", "{51701145-40BF-490A-B58E-D37B1670166A}"
EndProject
Global
	GlobalSection(SolutionConfigurationPlatforms) = preSolution
		Debug|Any CPU = Debug|Any CPU
		Release|Any CPU = Release|Any CPU
	EndGlobalSection
	GlobalSection(ProjectConfigurationPlatforms) = postSolution
		{51701145-40BF-490A-B58E-D37B1670166A}.Debug|Any CPU.ActiveCfg = Debug|Any CPU
		{51701145-40BF-490A-B58E-D37B1670166A}.Debug|Any CPU.Build.0 = Debug|Any CPU
		{51701145-40BF-490A-B58E-D37B1670166A}.Release|Any CPU.ActiveCfg = Release|Any CPU
		{51701145-40BF-490A-B58E-D37B1670166A}.Release|Any CPU.Build.0 = Release|Any CPU
	EndGlobalSection
EndGlobal
